
Microsoft Visual Studio Solution File, Format Version 12.00
# Visual Studio Version 17
VisualStudioVersion = 17.4.33403.182
MinimumVisualStudioVersion = 10.0.40219.1
Project("{FAE04EC0-301F-11D3-BF4B-00C04F79EFBC}") = "FindCycleComparision", "FindCycleComparision\FindCycleComparision.csproj", "{436A6E1C-2B92-4359-A574-4CCB53F5057A}"
EndProject
Global
	GlobalSection(SolutionConfigurationPlatforms) = preSolution
		Debug|Any CPU = Debug|Any CPU
		Release|Any CPU = Release|Any CPU
	EndGlobalSection
	GlobalSection(ProjectConfigurationPlatforms) = postSolution
		{436A6E1C-2B92-4359-A574-4CCB53F5057A}.Debug|Any CPU.ActiveCfg = Debug|Any CPU
		{436A6E1C-2B92-4359-A574-4CCB53F5057A}.Debug|Any CPU.Build.0 = Debug|Any CPU
		{436A6E1C-2B92-4359-A574-4CCB53F5057A}.Release|Any CPU.ActiveCfg = Release|Any CPU
		{436A6E1C-2B92-4359-A574-4CCB53F5057A}.Release|Any CPU.Build.0 = Release|Any CPU
	EndGlobalSection
	GlobalSection(SolutionProperties) = preSolution
		HideSolutionNode = FALSE
	EndGlobalSection
	GlobalSection(ExtensibilityGlobals) = postSolution
		SolutionGuid = {74825649-DF03-4CAF-ACDA-A2C2108289F6}
	EndGlobalSection
EndGlobal
